
Microsoft Visual Studio Solution File, Format Version 12.00
# Visual Studio Version 17
VisualStudioVersion = 17.0.31903.59
MinimumVisualStudioVersion = 10.0.40219.1
Project("{FAE04EC0-301F-11D3-BF4B-00C04F79EFBC}") = "Sharper2.0", "Sharper2.0.csproj", "{F2DB3A70-C416-4DD0-9344-9A9DF4EECA40}"
EndProject
Global
	GlobalSection(SolutionConfigurationPlatforms) = preSolution
		Debug|Any CPU = Debug|Any CPU
		Release|Any CPU = Release|Any CPU
	EndGlobalSection
	GlobalSection(ProjectConfigurationPlatforms) = postSolution
		{F2DB3A70-C416-4DD0-9344-9A9DF4EECA40}.Debug|Any CPU.ActiveCfg = Debug|Any CPU
		{F2DB3A70-C416-4DD0-9344-9A9DF4EECA40}.Debug|Any CPU.Build.0 = Debug|Any CPU
		{F2DB3A70-C416-4DD0-9344-9A9DF4EECA40}.Release|Any CPU.ActiveCfg = Release|Any CPU
		{F2DB3A70-C416-4DD0-9344-9A9DF4EECA40}.Release|Any CPU.Build.0 = Release|Any CPU
	EndGlobalSection
	GlobalSection(SolutionProperties) = preSolution
		HideSolutionNode = FALSE
	EndGlobalSection
	GlobalSection(ExtensibilityGlobals) = postSolution
		SolutionGuid = {9B1BF4CA-0252-45BF-AD01-DA517BAA8278}
	EndGlobalSection
EndGlobal
